
Microsoft Visual Studio Solution File, Format Version 12.00
Project("{FAE04EC0-301F-11D3-BF4B-00C04F79EFBC}") = "DemoProject", "DemoProject\DemoProject.csproj", "{7EE1A155-BABB-48DC-83FC-F8CD100430BB}"
EndProject
Project("{FAE04EC0-301F-11D3-BF4B-00C04F79EFBC}") = "RoseQuartz", "RoseQuartz\RoseQuartz.csproj", "{08B7D29B-4A6E-4389-9D74-BA14AB539FFC}"
EndProject
Global
	GlobalSection(SolutionConfigurationPlatforms) = preSolution
		Debug|Any CPU = Debug|Any CPU
		Release|Any CPU = Release|Any CPU
	EndGlobalSection
	GlobalSection(ProjectConfigurationPlatforms) = postSolution
		{7EE1A155-BABB-48DC-83FC-F8CD100430BB}.Debug|Any CPU.ActiveCfg = Debug|Any CPU
		{7EE1A155-BABB-48DC-83FC-F8CD100430BB}.Debug|Any CPU.Build.0 = Debug|Any CPU
		{7EE1A155-BABB-48DC-83FC-F8CD100430BB}.Release|Any CPU.ActiveCfg = Release|Any CPU
		{7EE1A155-BABB-48DC-83FC-F8CD100430BB}.Release|Any CPU.Build.0 = Release|Any CPU
		{08B7D29B-4A6E-4389-9D74-BA14AB539FFC}.Debug|Any CPU.ActiveCfg = Debug|Any CPU
		{08B7D29B-4A6E-4389-9D74-BA14AB539FFC}.Debug|Any CPU.Build.0 = Debug|Any CPU
		{08B7D29B-4A6E-4389-9D74-BA14AB539FFC}.Release|Any CPU.ActiveCfg = Release|Any CPU
		{08B7D29B-4A6E-4389-9D74-BA14AB539FFC}.Release|Any CPU.Build.0 = Release|Any CPU
	EndGlobalSection
EndGlobal
